// !$*UTF8*$!
{
	archiveVersion = 1;
	classes = {
	};
	objectVersion = 77;
	objects = {

/* Begin PBXContainerItemProxy section */
		AA4AD0962F8BD88F007ABD0C /* PBXContainerItemProxy */ = {
			isa = PBXContainerItemProxy;
			containerPortal = AA4AD07C2F8BD88D007ABD0C /* Project object */;
			proxyType = 1;
			remoteGlobalIDString = AA4AD0832F8BD88D007ABD0C;
			remoteInfo = focus_mac;
		};
		AA4AD0A02F8BD88F007ABD0C /* PBXContainerItemProxy */ = {
			isa = PBXContainerItemProxy;
			containerPortal = AA4AD07C2F8BD88D007ABD0C /* Project object */;
			proxyType = 1;
			remoteGlobalIDString = AA4AD0832F8BD88D007ABD0C;
			remoteInfo = focus_mac;
		};
/* End PBXContainerItemProxy section */

/* Begin PBXFileReference section */
		AA4AD0842F8BD88D007ABD0C /* FocusGuard.app */ = {isa = PBXFileReference; explicitFileType = wrapper.application; includeInIndex = 0; path = FocusGuard.app; sourceTree = BUILT_PRODUCTS_DIR; };
		AA4AD0952F8BD88F007ABD0C /* focus_macTests.xctest */ = {isa = PBXFileReference; explicitFileType = wrapper.cfbundle; includeInIndex = 0; path = focus_macTests.xctest; sourceTree = BUILT_PRODUCTS_DIR; };
		AA4AD09F2F8BD88F007ABD0C /* focus_macUITests.xctest */ = {isa = PBXFileReference; explicitFileType = wrapper.cfbundle; includeInIndex = 0; path = focus_macUITests.xctest; sourceTree = BUILT_PRODUCTS_DIR; };
/* End PBXFileReference section */

/* Begin PBXFileSystemSynchronizedBuildFileExceptionSet section */
		AA4AD0A72F8BD88F007ABD0C /* Exceptions for "focus_mac" folder in "focus_mac" target */ = {
			isa = PBXFileSystemSynchronizedBuildFileExceptionSet;
			membershipExceptions = (
				Info.plist,
			);
			target = AA4AD0832F8BD88D007ABD0C /* focus_mac */;
		};
/* End PBXFileSystemSynchronizedBuildFileExceptionSet section */

/* Begin PBXFileSystemSynchronizedRootGroup section */
		AA4AD0862F8BD88D007ABD0C /* focus_mac */ = {
			isa = PBXFileSystemSynchronizedRootGroup;
			exceptions = (
				AA4AD0A72F8BD88F007ABD0C /* Exceptions for "focus_mac" folder in "focus_mac" target */,
			);
			path = focus_mac;
			sourceTree = "<group>";
		};
		AA4AD0982F8BD88F007ABD0C /* focus_macTests */ = {
			isa = PBXFileSystemSynchronizedRootGroup;
			path = focus_macTests;
			sourceTree = "<group>";
		};
		AA4AD0A22F8BD88F007ABD0C /* focus_macUITests */ = {
			isa = PBXFileSystemSynchronizedRootGroup;
			path = focus_macUITests;
			sourceTree = "<group>";
		};
/* End PBXFileSystemSynchronizedRootGroup section */

/* Begin PBXFrameworksBuildPhase section */
		AA4AD0812F8BD88D007ABD0C /* Frameworks */ = {
			isa = PBXFrameworksBuildPhase;
			buildActionMask = 2147483647;
			files = (
			);
			runOnlyForDeploymentPostprocessing = 0;
		};
		AA4AD0922F8BD88F007ABD0C /* Frameworks */ = {
			isa = PBXFrameworksBuildPhase;
			buildActionMask = 2147483647;
			files = (
			);
			runOnlyForDeploymentPostprocessing = 0;
		};
		AA4AD09C2F8BD88F007ABD0C /* Frameworks */ = {
			isa = PBXFrameworksBuildPhase;
			buildActionMask = 2147483647;
			files = (
			);
			runOnlyForDeploymentPostprocessing = 0;
		};
/* End PBXFrameworksBuildPhase section */

/* Begin PBXGroup section */
		AA4AD07B2F8BD88D007ABD0C = {
			isa = PBXGroup;
			children = (
				AA4AD0862F8BD88D007ABD0C /* focus_mac */,
				AA4AD0982F8BD88F007ABD0C /* focus_macTests */,
				AA4AD0A22F8BD88F007ABD0C /* focus_macUITests */,
				AA4AD0852F8BD88D007ABD0C /* Products */,
			);
			sourceTree = "<group>";
		};
		AA4AD0852F8BD88D007ABD0C /* Products */ = {
			isa = PBXGroup;
			children = (
				AA4AD0842F8BD88D007ABD0C /* focus_mac.app */,
				AA4AD0952F8BD88F007ABD0C /* focus_macTests.xctest */,
				AA4AD09F2F8BD88F007ABD0C /* focus_macUITests.xctest */,
			);
			name = Products;
			sourceTree = "<group>";
		};
/* End PBXGroup section */

/* Begin PBXNativeTarget section */
		AA4AD0832F8BD88D007ABD0C /* FocusGuard */ = {
		isa = PBXNativeTarget;
		buildConfigurationList = AA4AD0A82F8BD88F007ABD0C /* Build configuration list for PBXNativeTarget "FocusGuard" */;
		buildPhases = (
			AA4AD0802F8BD88D007ABD0C /* Sources */,
			AA4AD0812F8BD88D007ABD0C /* Frameworks */,
			AA4AD0822F8BD88D007ABD0C /* Resources */,
		);
		buildRules = (
		);
		dependencies = (
		);
		fileSystemSynchronizedGroups = (
			AA4AD0862F8BD88D007ABD0C /* focus_mac */,
		);
		name = FocusGuard;
		packageProductDependencies = (
		);
		productName = FocusGuard;
			productReference = AA4AD0842F8BD88D007ABD0C /* FocusGuard.app */;
			productType = "com.apple.product-type.application";
		};
		AA4AD0942F8BD88F007ABD0C /* FocusGuardTests */ = {
		isa = PBXNativeTarget;
		buildConfigurationList = AA4AD0AD2F8BD88F007ABD0C /* Build configuration list for PBXNativeTarget "FocusGuardTests" */;
		buildPhases = (
			AA4AD0912F8BD88F007ABD0C /* Sources */,
			AA4AD0922F8BD88F007ABD0C /* Frameworks */,
			AA4AD0932F8BD88F007ABD0C /* Resources */,
		);
		buildRules = (
		);
		dependencies = (
			AA4AD0972F8BD88F007ABD0C /* PBXTargetDependency */,
		);
		fileSystemSynchronizedGroups = (
			AA4AD0982F8BD88F007ABD0C /* focus_macTests */,
		);
		name = FocusGuardTests;
		packageProductDependencies = (
		);
		productName = FocusGuardTests;
		productReference = AA4AD0952F8BD88F007ABD0C /* FocusGuardTests.xctest */;
		productType = "com.apple.product-type.bundle.unit-test";
	};
		AA4AD09E2F8BD88F007ABD0C /* FocusGuardUITests */ = {
		isa = PBXNativeTarget;
		buildConfigurationList = AA4AD0B02F8BD88F007ABD0C /* Build configuration list for PBXNativeTarget "FocusGuardUITests" */;
		buildPhases = (
			AA4AD09B2F8BD88F007ABD0C /* Sources */,
			AA4AD09C2F8BD88F007ABD0C /* Frameworks */,
			AA4AD09D2F8BD88F007ABD0C /* Resources */,
		);
		buildRules = (
		);
		dependencies = (
			AA4AD0A12F8BD88F007ABD0C /* PBXTargetDependency */,
		);
		fileSystemSynchronizedGroups = (
			AA4AD0A22F8BD88F007ABD0C /* focus_macUITests */,
		);
		name = FocusGuardUITests;
		packageProductDependencies = (
		);
		productName = FocusGuardUITests;
		productReference = AA4AD09F2F8BD88F007ABD0C /* FocusGuardUITests.xctest */;
		productType = "com.apple.product-type.bundle.ui-testing";
	};
/* End PBXNativeTarget section */

/* Begin PBXProject section */
		AA4AD07C2F8BD88D007ABD0C /* Project object */ = {
			isa = PBXProject;
			attributes = {
				BuildIndependentTargetsInParallel = 1;
				LastSwiftUpdateCheck = 2630;
				LastUpgradeCheck = 2630;
				TargetAttributes = {
					AA4AD0832F8BD88D007ABD0C = {
						CreatedOnToolsVersion = 26.3;
					};
					AA4AD0942F8BD88F007ABD0C = {
						CreatedOnToolsVersion = 26.3;
						TestTargetID = AA4AD0832F8BD88D007ABD0C;
					};
					AA4AD09E2F8BD88F007ABD0C = {
						CreatedOnToolsVersion = 26.3;
						TestTargetID = AA4AD0832F8BD88D007ABD0C;
					};
				};
			};
			buildConfigurationList = AA4AD07F2F8BD88D007ABD0C /* Build configuration list for PBXProject "FocusGuard" */;
			developmentRegion = en;
			hasScannedForEncodings = 0;
			knownRegions = (
				en,
				Base,
				"zh-Hans",
				ja,
				ko,
				de,
				fr,
				it,
				es,
				"pt-BR",
				ru,
				ar,
			);
			mainGroup = AA4AD07B2F8BD88D007ABD0C;
			minimizedProjectReferenceProxies = 1;
			preferredProjectObjectVersion = 77;
			productRefGroup = AA4AD0852F8BD88D007ABD0C /* Products */;
			projectDirPath = "";
			projectRoot = "";
			targets = (
				AA4AD0832F8BD88D007ABD0C /* focus_mac */,
				AA4AD0942F8BD88F007ABD0C /* focus_macTests */,
				AA4AD09E2F8BD88F007ABD0C /* focus_macUITests */,
			);
		};
/* End PBXProject section */

/* Begin PBXResourcesBuildPhase section */
		AA4AD0822F8BD88D007ABD0C /* Resources */ = {
			isa = PBXResourcesBuildPhase;
			buildActionMask = 2147483647;
			files = (
			);
			runOnlyForDeploymentPostprocessing = 0;
		};
		AA4AD0932F8BD88F007ABD0C /* Resources */ = {
			isa = PBXResourcesBuildPhase;
			buildActionMask = 2147483647;
			files = (
			);
			runOnlyForDeploymentPostprocessing = 0;
		};
		AA4AD09D2F8BD88F007ABD0C /* Resources */ = {
			isa = PBXResourcesBuildPhase;
			buildActionMask = 2147483647;
			files = (
			);
			runOnlyForDeploymentPostprocessing = 0;
		};
/* End PBXResourcesBuildPhase section */

/* Begin PBXSourcesBuildPhase section */
		AA4AD0802F8BD88D007ABD0C /* Sources */ = {
			isa = PBXSourcesBuildPhase;
			buildActionMask = 2147483647;
			files = (
			);
			runOnlyForDeploymentPostprocessing = 0;
		};
		AA4AD0912F8BD88F007ABD0C /* Sources */ = {
			isa = PBXSourcesBuildPhase;
			buildActionMask = 2147483647;
			files = (
			);
			runOnlyForDeploymentPostprocessing = 0;
		};
		AA4AD09B2F8BD88F007ABD0C /* Sources */ = {
			isa = PBXSourcesBuildPhase;
			buildActionMask = 2147483647;
			files = (
			);
			runOnlyForDeploymentPostprocessing = 0;
		};
/* End PBXSourcesBuildPhase section */

/* Begin PBXTargetDependency section */
		AA4AD0972F8BD88F007ABD0C /* PBXTargetDependency */ = {
			isa = PBXTargetDependency;
			target = AA4AD0832F8BD88D007ABD0C /* focus_mac */;
			targetProxy = AA4AD0962F8BD88F007ABD0C /* PBXContainerItemProxy */;
		};
		AA4AD0A12F8BD88F007ABD0C /* PBXTargetDependency */ = {
			isa = PBXTargetDependency;
			target = AA4AD0832F8BD88D007ABD0C /* focus_mac */;
			targetProxy = AA4AD0A02F8BD88F007ABD0C /* PBXContainerItemProxy */;
		};
/* End PBXTargetDependency section */

/* Begin XCBuildConfiguration section */
		AA4AD0A92F8BD88F007ABD0C /* Debug */ = {
			isa = XCBuildConfiguration;
			buildSettings = {
				ASSETCATALOG_COMPILER_APPICON_NAME = AppIcon;
				ASSETCATALOG_COMPILER_GLOBAL_ACCENT_COLOR_NAME = AccentColor;
				ASSETCATALOG_COMPILER_INCLUDE_ALL_APPICON_ASSETS = YES;
				CODE_SIGN_ENTITLEMENTS = focus_mac/focus_mac.entitlements;
				"CODE_SIGN_IDENTITY[sdk=macosx*]" = "Mac Developer";
				CODE_SIGN_STYLE = Manual;
				CURRENT_PROJECT_VERSION = 10;
				DEVELOPMENT_TEAM = "";
				"DEVELOPMENT_TEAM[sdk=macosx*]" = U4AF57UZM2;
				ENABLE_PREVIEWS = YES;
				GENERATE_INFOPLIST_FILE = YES;
				INFOPLIST_FILE = focus_mac/Info.plist;
				INFOPLIST_KEY_CFBundleDisplayName = FocusGuard;
				INFOPLIST_KEY_CFBundleName = FocusGuard;
				INFOPLIST_KEY_UIApplicationSceneManifest_Generation = YES;
				INFOPLIST_KEY_UIApplicationSupportsIndirectInputEvents = YES;
				INFOPLIST_KEY_UILaunchScreen_Generation = YES;
				INFOPLIST_KEY_UISupportedInterfaceOrientations_iPad = "UIInterfaceOrientationPortrait UIInterfaceOrientationPortraitUpsideDown UIInterfaceOrientationLandscapeLeft UIInterfaceOrientationLandscapeRight";
				INFOPLIST_KEY_UISupportedInterfaceOrientations_iPhone = "UIInterfaceOrientationPortrait UIInterfaceOrientationLandscapeLeft UIInterfaceOrientationLandscapeRight";
				LD_RUNPATH_SEARCH_PATHS = (
					"$(inherited)",
					"@executable_path/Frameworks",
				);
				MACOSX_DEPLOYMENT_TARGET = 13.0;
				MARKETING_VERSION = 1.0;
				PRODUCT_BUNDLE_IDENTIFIER = "com.mg.focusguard";
				PRODUCT_NAME = "FocusGuard";
				PROVISIONING_PROFILE_SPECIFIER = "";
				"PROVISIONING_PROFILE_SPECIFIER[sdk=macosx*]" = macos;
				SDKROOT = macosx;
				STRING_CATALOG_GENERATE_SYMBOLS = YES;
				SWIFT_APPROACHABLE_CONCURRENCY = YES;
				SWIFT_DEFAULT_ACTOR_ISOLATION = MainActor;
				SWIFT_EMIT_LOC_STRINGS = YES;
				SWIFT_UPCOMING_FEATURE_MEMBER_IMPORT_VISIBILITY = YES;
				SWIFT_VERSION = 5.0;
				};
				name = Debug;
		};
		AA4AD0AA2F8BD88F007ABD0C /* Release */ = {
			isa = XCBuildConfiguration;
			buildSettings = {
				ASSETCATALOG_COMPILER_APPICON_NAME = AppIcon;
				ASSETCATALOG_COMPILER_GLOBAL_ACCENT_COLOR_NAME = AccentColor;
				ASSETCATALOG_COMPILER_INCLUDE_ALL_APPICON_ASSETS = YES;
				CODE_SIGN_ENTITLEMENTS = focus_mac/focus_mac.entitlements;
				"CODE_SIGN_IDENTITY[sdk=macosx*]" = "Mac Developer";
				CODE_SIGN_STYLE = Manual;
				CURRENT_PROJECT_VERSION = 10;
				DEVELOPMENT_TEAM = "";
				"DEVELOPMENT_TEAM[sdk=macosx*]" = U4AF57UZM2;
				ENABLE_PREVIEWS = YES;
				GENERATE_INFOPLIST_FILE = YES;
				INFOPLIST_FILE = focus_mac/Info.plist;
				INFOPLIST_KEY_CFBundleDisplayName = FocusGuard;
				INFOPLIST_KEY_CFBundleName = FocusGuard;
				INFOPLIST_KEY_UIApplicationSceneManifest_Generation = YES;
				INFOPLIST_KEY_UIApplicationSupportsIndirectInputEvents = YES;
				INFOPLIST_KEY_UILaunchScreen_Generation = YES;
				INFOPLIST_KEY_UISupportedInterfaceOrientations_iPad = "UIInterfaceOrientationPortrait UIInterfaceOrientationPortraitUpsideDown UIInterfaceOrientationLandscapeLeft UIInterfaceOrientationLandscapeRight";
				INFOPLIST_KEY_UISupportedInterfaceOrientations_iPhone = "UIInterfaceOrientationPortrait UIInterfaceOrientationLandscapeLeft UIInterfaceOrientationLandscapeRight";
				LD_RUNPATH_SEARCH_PATHS = (
					"$(inherited)",
					"@executable_path/Frameworks",
				);
				MACOSX_DEPLOYMENT_TARGET = 13.0;
				MARKETING_VERSION = 1.0;
				PRODUCT_BUNDLE_IDENTIFIER = "com.mg.focusguard";
				PRODUCT_NAME = "FocusGuard";
				PROVISIONING_PROFILE_SPECIFIER = "";
				"PROVISIONING_PROFILE_SPECIFIER[sdk=macosx*]" = macos;
				SDKROOT = macosx;
				STRING_CATALOG_GENERATE_SYMBOLS = YES;
				SWIFT_APPROACHABLE_CONCURRENCY = YES;
				SWIFT_DEFAULT_ACTOR_ISOLATION = MainActor;
				SWIFT_EMIT_LOC_STRINGS = YES;
				SWIFT_UPCOMING_FEATURE_MEMBER_IMPORT_VISIBILITY = YES;
				SWIFT_VERSION = 5.0;
				};
				name = Release;
		};
		AA4AD0AB2F8BD88F007ABD0C /* Debug */ = {
			isa = XCBuildConfiguration;
			buildSettings = {
				ALWAYS_SEARCH_USER_PATHS = NO;
				ASSETCATALOG_COMPILER_GENERATE_SWIFT_ASSET_SYMBOL_EXTENSIONS = YES;
				CLANG_ANALYZER_NONNULL = YES;
				CLANG_ANALYZER_NUMBER_OBJECT_CONVERSION = YES_AGGRESSIVE;
				CLANG_CXX_LANGUAGE_STANDARD = "gnu++20";
				CLANG_ENABLE_MODULES = YES;
				CLANG_ENABLE_OBJC_ARC = YES;
				CLANG_ENABLE_OBJC_WEAK = YES;
				CLANG_WARN_BLOCK_CAPTURE_AUTORELEASING = YES;
				CLANG_WARN_BOOL_CONVERSION = YES;
				CLANG_WARN_COMMA = YES;
				CLANG_WARN_CONSTANT_CONVERSION = YES;
				CLANG_WARN_DEPRECATED_OBJC_IMPLEMENTATIONS = YES;
				CLANG_WARN_DIRECT_OBJC_ISA_USAGE = YES_ERROR;
				CLANG_WARN_DOCUMENTATION_COMMENTS = YES;
				CLANG_WARN_EMPTY_BODY = YES;
				CLANG_WARN_ENUM_CONVERSION = YES;
				CLANG_WARN_INFINITE_RECURSION = YES;
				CLANG_WARN_INT_CONVERSION = YES;
				CLANG_WARN_NON_LITERAL_NULL_CONVERSION = YES;
				CLANG_WARN_OBJC_IMPLICIT_RETAIN_SELF = YES;
				CLANG_WARN_OBJC_LITERAL_CONVERSION = YES;
				CLANG_WARN_OBJC_ROOT_CLASS = YES_ERROR;
				CLANG_WARN_QUOTED_INCLUDE_IN_FRAMEWORK_HEADER = YES;
				CLANG_WARN_RANGE_LOOP_ANALYSIS = YES;
				CLANG_WARN_STRICT_PROTOTYPES = YES;
				CLANG_WARN_SUSPICIOUS_MOVE = YES;
				CLANG_WARN_UNGUARDED_AVAILABILITY = YES_AGGRESSIVE;
				CLANG_WARN_UNREACHABLE_CODE = YES;
				CLANG_WARN__DUPLICATE_METHOD_MATCH = YES;
				COPY_PHASE_STRIP = NO;
				DEBUG_INFORMATION_FORMAT = dwarf;
				DEVELOPMENT_TEAM = 844956U9NN;
				ENABLE_STRICT_OBJC_MSGSEND = YES;
				ENABLE_TESTABILITY = YES;
				ENABLE_USER_SCRIPT_SANDBOXING = YES;
				GCC_C_LANGUAGE_STANDARD = gnu17;
				GCC_DYNAMIC_NO_PIC = NO;
				GCC_NO_COMMON_BLOCKS = YES;
				GCC_OPTIMIZATION_LEVEL = 0;
				GCC_PREPROCESSOR_DEFINITIONS = (
					"DEBUG=1",
					"$(inherited)",
				);
				GCC_WARN_64_TO_32_BIT_CONVERSION = YES;
				GCC_WARN_ABOUT_RETURN_TYPE = YES_ERROR;
				GCC_WARN_UNDECLARED_SELECTOR = YES;
				GCC_WARN_UNINITIALIZED_AUTOS = YES_AGGRESSIVE;
				GCC_WARN_UNUSED_FUNCTION = YES;
				GCC_WARN_UNUSED_VARIABLE = YES;
				IPHONEOS_DEPLOYMENT_TARGET = 26.2;
				LOCALIZATION_PREFERS_STRING_CATALOGS = YES;
				MACOSX_DEPLOYMENT_TARGET = 13.0;
				MTL_ENABLE_DEBUG_INFO = INCLUDE_SOURCE;
				MTL_FAST_MATH = YES;
				ONLY_ACTIVE_ARCH = YES;
				SDKROOT = macosx;
				SWIFT_ACTIVE_COMPILATION_CONDITIONS = "DEBUG $(inherited)";
				SWIFT_OPTIMIZATION_LEVEL = "-Onone";
			};
			name = Debug;
		};
		AA4AD0AC2F8BD88F007ABD0C /* Release */ = {
			isa = XCBuildConfiguration;
			buildSettings = {
				ALWAYS_SEARCH_USER_PATHS = NO;
				ASSETCATALOG_COMPILER_GENERATE_SWIFT_ASSET_SYMBOL_EXTENSIONS = YES;
				CLANG_ANALYZER_NONNULL = YES;
				CLANG_ANALYZER_NUMBER_OBJECT_CONVERSION = YES_AGGRESSIVE;
				CLANG_CXX_LANGUAGE_STANDARD = "gnu++20";
				CLANG_ENABLE_MODULES = YES;
				CLANG_ENABLE_OBJC_ARC = YES;
				CLANG_ENABLE_OBJC_WEAK = YES;
				CLANG_WARN_BLOCK_CAPTURE_AUTORELEASING = YES;
				CLANG_WARN_BOOL_CONVERSION = YES;
				CLANG_WARN_COMMA = YES;
				CLANG_WARN_CONSTANT_CONVERSION = YES;
				CLANG_WARN_DEPRECATED_OBJC_IMPLEMENTATIONS = YES;
				CLANG_WARN_DIRECT_OBJC_ISA_USAGE = YES_ERROR;
				CLANG_WARN_DOCUMENTATION_COMMENTS = YES;
				CLANG_WARN_EMPTY_BODY = YES;
				CLANG_WARN_ENUM_CONVERSION = YES;
				CLANG_WARN_INFINITE_RECURSION = YES;
				CLANG_WARN_INT_CONVERSION = YES;
				CLANG_WARN_NON_LITERAL_NULL_CONVERSION = YES;
				CLANG_WARN_OBJC_IMPLICIT_RETAIN_SELF = YES;
				CLANG_WARN_OBJC_LITERAL_CONVERSION = YES;
				CLANG_WARN_OBJC_ROOT_CLASS = YES_ERROR;
				CLANG_WARN_QUOTED_INCLUDE_IN_FRAMEWORK_HEADER = YES;
				CLANG_WARN_RANGE_LOOP_ANALYSIS = YES;
				CLANG_WARN_STRICT_PROTOTYPES = YES;
				CLANG_WARN_SUSPICIOUS_MOVE = YES;
				CLANG_WARN_UNGUARDED_AVAILABILITY = YES_AGGRESSIVE;
				CLANG_WARN_UNREACHABLE_CODE = YES;
				CLANG_WARN__DUPLICATE_METHOD_MATCH = YES;
				COPY_PHASE_STRIP = NO;
				DEBUG_INFORMATION_FORMAT = "dwarf-with-dsym";
				DEVELOPMENT_TEAM = 844956U9NN;
				ENABLE_NS_ASSERTIONS = NO;
				ENABLE_STRICT_OBJC_MSGSEND = YES;
				ENABLE_USER_SCRIPT_SANDBOXING = YES;
				GCC_C_LANGUAGE_STANDARD = gnu17;
				GCC_NO_COMMON_BLOCKS = YES;
				GCC_WARN_64_TO_32_BIT_CONVERSION = YES;
				GCC_WARN_ABOUT_RETURN_TYPE = YES_ERROR;
				GCC_WARN_UNDECLARED_SELECTOR = YES;
				GCC_WARN_UNINITIALIZED_AUTOS = YES_AGGRESSIVE;
				GCC_WARN_UNUSED_FUNCTION = YES;
				GCC_WARN_UNUSED_VARIABLE = YES;
				IPHONEOS_DEPLOYMENT_TARGET = 26.2;
				LOCALIZATION_PREFERS_STRING_CATALOGS = YES;
				MACOSX_DEPLOYMENT_TARGET = 13.0;
				MTL_ENABLE_DEBUG_INFO = NO;
				MTL_FAST_MATH = YES;
				SDKROOT = macosx;
				SWIFT_COMPILATION_MODE = wholemodule;
				VALIDATE_PRODUCT = YES;
			};
			name = Release;
		};
		AA4AD0AE2F8BD88F007ABD0C /* Debug */ = {
			isa = XCBuildConfiguration;
			buildSettings = {
				BUNDLE_LOADER = "$(TEST_HOST)";
				CODE_SIGN_STYLE = Automatic;
				CURRENT_PROJECT_VERSION = 10;
				DEVELOPMENT_TEAM = 844956U9NN;
				GENERATE_INFOPLIST_FILE = YES;
				IPHONEOS_DEPLOYMENT_TARGET = 26.2;
				MARKETING_VERSION = 1.0;
				PRODUCT_BUNDLE_IDENTIFIER = "com.mg.focusguard.tests";
				PRODUCT_NAME = "FocusGuardTests";
				STRING_CATALOG_GENERATE_SYMBOLS = NO;
				SWIFT_APPROACHABLE_CONCURRENCY = YES;
				SWIFT_EMIT_LOC_STRINGS = NO;
				SWIFT_UPCOMING_FEATURE_MEMBER_IMPORT_VISIBILITY = YES;
				SWIFT_VERSION = 5.0;
					TEST_HOST = "$(BUILT_PRODUCTS_DIR)/focus_mac.app/$(BUNDLE_EXECUTABLE_FOLDER_PATH)/focus_mac";
				};
				name = Debug;
		};
		AA4AD0AF2F8BD88F007ABD0C /* Release */ = {
			isa = XCBuildConfiguration;
			buildSettings = {
				BUNDLE_LOADER = "$(TEST_HOST)";
				CODE_SIGN_STYLE = Automatic;
				CURRENT_PROJECT_VERSION = 10;
				DEVELOPMENT_TEAM = 844956U9NN;
				GENERATE_INFOPLIST_FILE = YES;
				IPHONEOS_DEPLOYMENT_TARGET = 26.2;
				MARKETING_VERSION = 1.0;
				PRODUCT_BUNDLE_IDENTIFIER = "com.mg.focusguard.tests";
				PRODUCT_NAME = "FocusGuardTests";
				STRING_CATALOG_GENERATE_SYMBOLS = NO;
				SWIFT_APPROACHABLE_CONCURRENCY = YES;
				SWIFT_EMIT_LOC_STRINGS = NO;
				SWIFT_UPCOMING_FEATURE_MEMBER_IMPORT_VISIBILITY = YES;
				SWIFT_VERSION = 5.0;
					TEST_HOST = "$(BUILT_PRODUCTS_DIR)/focus_mac.app/$(BUNDLE_EXECUTABLE_FOLDER_PATH)/focus_mac";
				};
				name = Release;
		};
		AA4AD0B12F8BD88F007ABD0C /* Debug */ = {
			isa = XCBuildConfiguration;
			buildSettings = {
				CODE_SIGN_STYLE = Automatic;
				CURRENT_PROJECT_VERSION = 10;
				DEVELOPMENT_TEAM = 844956U9NN;
				GENERATE_INFOPLIST_FILE = YES;
				MARKETING_VERSION = 1.0;
				PRODUCT_BUNDLE_IDENTIFIER = "com.mg.focusguard.uitests";
				PRODUCT_NAME = "FocusGuardUITests";
				STRING_CATALOG_GENERATE_SYMBOLS = NO;
				SWIFT_APPROACHABLE_CONCURRENCY = YES;
				SWIFT_EMIT_LOC_STRINGS = NO;
				SWIFT_UPCOMING_FEATURE_MEMBER_IMPORT_VISIBILITY = YES;
				SWIFT_VERSION = 5.0;
					TEST_TARGET_NAME = focus_mac;
				};
				name = Debug;
		};
		AA4AD0B22F8BD88F007ABD0C /* Release */ = {
			isa = XCBuildConfiguration;
			buildSettings = {
				CODE_SIGN_STYLE = Automatic;
				CURRENT_PROJECT_VERSION = 10;
				DEVELOPMENT_TEAM = 844956U9NN;
				GENERATE_INFOPLIST_FILE = YES;
				MARKETING_VERSION = 1.0;
				PRODUCT_BUNDLE_IDENTIFIER = "com.mg.focusguard.uitests";
				PRODUCT_NAME = "FocusGuardUITests";
				STRING_CATALOG_GENERATE_SYMBOLS = NO;
				SWIFT_APPROACHABLE_CONCURRENCY = YES;
				SWIFT_EMIT_LOC_STRINGS = NO;
				SWIFT_UPCOMING_FEATURE_MEMBER_IMPORT_VISIBILITY = YES;
				SWIFT_VERSION = 5.0;
					TEST_TARGET_NAME = focus_mac;
				};
				name = Release;
		};
/* End XCBuildConfiguration section */

/* Begin XCConfigurationList section */
		AA4AD07F2F8BD88D007ABD0C /* Build configuration list for PBXProject "focus_mac" */ = {
			isa = XCConfigurationList;
			buildConfigurations = (
				AA4AD0AB2F8BD88F007ABD0C /* Debug */,
				AA4AD0AC2F8BD88F007ABD0C /* Release */,
			);
			defaultConfigurationIsVisible = 0;
			defaultConfigurationName = Release;
		};
		AA4AD0A82F8BD88F007ABD0C /* Build configuration list for PBXNativeTarget "focus_mac" */ = {
			isa = XCConfigurationList;
			buildConfigurations = (
				AA4AD0A92F8BD88F007ABD0C /* Debug */,
				AA4AD0AA2F8BD88F007ABD0C /* Release */,
			);
			defaultConfigurationIsVisible = 0;
			defaultConfigurationName = Release;
		};
		AA4AD0AD2F8BD88F007ABD0C /* Build configuration list for PBXNativeTarget "focus_macTests" */ = {
			isa = XCConfigurationList;
			buildConfigurations = (
				AA4AD0AE2F8BD88F007ABD0C /* Debug */,
				AA4AD0AF2F8BD88F007ABD0C /* Release */,
			);
			defaultConfigurationIsVisible = 0;
			defaultConfigurationName = Release;
		};
		AA4AD0B02F8BD88F007ABD0C /* Build configuration list for PBXNativeTarget "focus_macUITests" */ = {
			isa = XCConfigurationList;
			buildConfigurations = (
				AA4AD0B12F8BD88F007ABD0C /* Debug */,
				AA4AD0B22F8BD88F007ABD0C /* Release */,
			);
			defaultConfigurationIsVisible = 0;
			defaultConfigurationName = Release;
		};
/* End XCConfigurationList section */
	};
	rootObject = AA4AD07C2F8BD88D007ABD0C /* Project object */;
}
